
Microsoft Visual Studio Solution File, Format Version 12.00
# Visual Studio 2012
Project("{FAE04EC0-301F-11D3-BF4B-00C04F79EFBC}") = "Winter.Web", "Winter.Web\Winter.Web.csproj", "{11E94FF5-579C-4C90-A0D8-20B8E8F7D066}"
EndProject
Project("{FAE04EC0-301F-11D3-BF4B-00C04F79EFBC}") = "Winter.Web.Tests", "Winter.Web.Tests\Winter.Web.Tests.csproj", "{EE8C4DF2-CE8A-4323-86F4-37DC7DDD873D}"
EndProject
Project("{2150E333-8FDC-42A3-9474-1A3956D46DE8}") = ".nuget", ".nuget", "{6DDA9771-4ACB-4CA3-AEDE-D881DDBD53C6}"
	ProjectSection(SolutionItems) = preProject
		.nuget\NuGet.Config = .nuget\NuGet.Config
		.nuget\NuGet.exe = .nuget\NuGet.exe
		.nuget\NuGet.targets = .nuget\NuGet.targets
	EndProjectSection
EndProject
Global
	GlobalSection(TeamFoundationVersionControl) = preSolution
		SccNumberOfProjects = 3
		SccEnterpriseProvider = {4CA58AB2-18FA-4F8D-95D4-32DDF27D184C}
		SccTeamFoundationServer = http://qnrltfs2010:8080/tfs/defaultcollection
		SccLocalPath0 = .
		SccProjectUniqueName1 = Winter.Web.Tests\\Winter.Web.Tests.csproj
		SccProjectName1 = Winter.Web.Tests
		SccLocalPath1 = Winter.Web.Tests
		SccProjectUniqueName2 = Winter.Web\\Winter.Web.csproj
		SccProjectName2 = Winter.Web
		SccLocalPath2 = Winter.Web
	EndGlobalSection
	GlobalSection(SolutionConfigurationPlatforms) = preSolution
		Debug|Any CPU = Debug|Any CPU
		Release|Any CPU = Release|Any CPU
	EndGlobalSection
	GlobalSection(ProjectConfigurationPlatforms) = postSolution
		{11E94FF5-579C-4C90-A0D8-20B8E8F7D066}.Debug|Any CPU.ActiveCfg = Debug|Any CPU
		{11E94FF5-579C-4C90-A0D8-20B8E8F7D066}.Debug|Any CPU.Build.0 = Debug|Any CPU
		{11E94FF5-579C-4C90-A0D8-20B8E8F7D066}.Release|Any CPU.ActiveCfg = Release|Any CPU
		{11E94FF5-579C-4C90-A0D8-20B8E8F7D066}.Release|Any CPU.Build.0 = Release|Any CPU
		{EE8C4DF2-CE8A-4323-86F4-37DC7DDD873D}.Debug|Any CPU.ActiveCfg = Debug|Any CPU
		{EE8C4DF2-CE8A-4323-86F4-37DC7DDD873D}.Debug|Any CPU.Build.0 = Debug|Any CPU
		{EE8C4DF2-CE8A-4323-86F4-37DC7DDD873D}.Release|Any CPU.ActiveCfg = Release|Any CPU
		{EE8C4DF2-CE8A-4323-86F4-37DC7DDD873D}.Release|Any CPU.Build.0 = Release|Any CPU
	EndGlobalSection
	GlobalSection(SolutionProperties) = preSolution
		HideSolutionNode = FALSE
	EndGlobalSection
EndGlobal
